
Microsoft Visual Studio Solution File, Format Version 12.00
# Visual Studio Version 16
VisualStudioVersion = 16.0.31624.102
MinimumVisualStudioVersion = 10.0.40219.1
Project("{9A19103F-16F7-4668-BE54-9A1E7A4F7556}") = "Week1-DemoBank", "Week1-DemoBank\Week1-DemoBank.csproj", "{C270DF20-1C2C-4361-AB36-3F58E208C302}"
EndProject
Project("{2150E333-8FDC-42A3-9474-1A3956D46DE8}") = "Week2-PostmanTest", "Week2-PostmanTest", "{9D4C0DC3-762C-46E8-99FD-8154B0941EBF}"
EndProject
Project("{9A19103F-16F7-4668-BE54-9A1E7A4F7556}") = "Week4-DemoBank-Entities", "Week4-DemoBank-Entities\Week4-DemoBank-Entities.csproj", "{2F8CC417-4435-414F-9DF3-899A1FECA755}"
EndProject
Project("{9A19103F-16F7-4668-BE54-9A1E7A4F7556}") = "Week4-DemoBank-DataAccess", "Week4-DemoBank-DataAccess\Week4-DemoBank-DataAccess.csproj", "{0760F1F3-F91D-4A72-BA14-B8D519071AA6}"
EndProject
Project("{9A19103F-16F7-4668-BE54-9A1E7A4F7556}") = "Week4-DemoBank-Business", "Week4-DemoBank-Business\Week4-DemoBank-Business.csproj", "{4A3A1F1E-A593-49C2-A736-6A4CFE3BF784}"
EndProject
Project("{9A19103F-16F7-4668-BE54-9A1E7A4F7556}") = "Week4-DemoBank", "Week4-DemoBank\Week4-DemoBank.csproj", "{D1ABF86F-A970-4EC6-AB88-F58FB2D12F9F}"
EndProject
Project("{FAE04EC0-301F-11D3-BF4B-00C04F79EFBC}") = "Week5-DemoBank-Business", "Week5-DemoBank-Business\Week5-DemoBank-Business.csproj", "{E8FB0D62-485C-4833-A5F5-4F98B8845D5C}"
EndProject
Project("{2150E333-8FDC-42A3-9474-1A3956D46DE8}") = "Week4", "Week4", "{B18DD063-D42D-4875-9A00-CA78C0E745E0}"
EndProject
Project("{FAE04EC0-301F-11D3-BF4B-00C04F79EFBC}") = "Week5-DemoBank-DataAccess", "Week5-DemoBank-DataAccess\Week5-DemoBank-DataAccess.csproj", "{F8E3B16D-1A7D-4DC1-9D16-9EDF8952DCC2}"
EndProject
Project("{2150E333-8FDC-42A3-9474-1A3956D46DE8}") = "Week5", "Week5", "{C65C9720-215C-48DC-BD8B-A7FFC1242300}"
EndProject
Project("{FAE04EC0-301F-11D3-BF4B-00C04F79EFBC}") = "Week5-DemoBank-Entities", "Week5-DemoBank-Entities\Week5-DemoBank-Entities.csproj", "{C6B8C826-55A2-4F5C-AE54-E92FECD28CFE}"
EndProject
Project("{FAE04EC0-301F-11D3-BF4B-00C04F79EFBC}") = "Week5-DemoBank", "Week5-DemoBank\Week5-DemoBank.csproj", "{34495A6E-362D-44F5-BFDB-DC5C609D7908}"
EndProject
Global
	GlobalSection(SolutionConfigurationPlatforms) = preSolution
		Debug|Any CPU = Debug|Any CPU
		Release|Any CPU = Release|Any CPU
	EndGlobalSection
	GlobalSection(ProjectConfigurationPlatforms) = postSolution
		{C270DF20-1C2C-4361-AB36-3F58E208C302}.Debug|Any CPU.ActiveCfg = Debug|Any CPU
		{C270DF20-1C2C-4361-AB36-3F58E208C302}.Debug|Any CPU.Build.0 = Debug|Any CPU
		{C270DF20-1C2C-4361-AB36-3F58E208C302}.Release|Any CPU.ActiveCfg = Release|Any CPU
		{C270DF20-1C2C-4361-AB36-3F58E208C302}.Release|Any CPU.Build.0 = Release|Any CPU
		{2F8CC417-4435-414F-9DF3-899A1FECA755}.Debug|Any CPU.ActiveCfg = Debug|Any CPU
		{2F8CC417-4435-414F-9DF3-899A1FECA755}.Debug|Any CPU.Build.0 = Debug|Any CPU
		{2F8CC417-4435-414F-9DF3-899A1FECA755}.Release|Any CPU.ActiveCfg = Release|Any CPU
		{2F8CC417-4435-414F-9DF3-899A1FECA755}.Release|Any CPU.Build.0 = Release|Any CPU
		{0760F1F3-F91D-4A72-BA14-B8D519071AA6}.Debug|Any CPU.ActiveCfg = Debug|Any CPU
		{0760F1F3-F91D-4A72-BA14-B8D519071AA6}.Debug|Any CPU.Build.0 = Debug|Any CPU
		{0760F1F3-F91D-4A72-BA14-B8D519071AA6}.Release|Any CPU.ActiveCfg = Release|Any CPU
		{0760F1F3-F91D-4A72-BA14-B8D519071AA6}.Release|Any CPU.Build.0 = Release|Any CPU
		{4A3A1F1E-A593-49C2-A736-6A4CFE3BF784}.Debug|Any CPU.ActiveCfg = Debug|Any CPU
		{4A3A1F1E-A593-49C2-A736-6A4CFE3BF784}.Debug|Any CPU.Build.0 = Debug|Any CPU
		{4A3A1F1E-A593-49C2-A736-6A4CFE3BF784}.Release|Any CPU.ActiveCfg = Release|Any CPU
		{4A3A1F1E-A593-49C2-A736-6A4CFE3BF784}.Release|Any CPU.Build.0 = Release|Any CPU
		{D1ABF86F-A970-4EC6-AB88-F58FB2D12F9F}.Debug|Any CPU.ActiveCfg = Debug|Any CPU
		{D1ABF86F-A970-4EC6-AB88-F58FB2D12F9F}.Debug|Any CPU.Build.0 = Debug|Any CPU
		{D1ABF86F-A970-4EC6-AB88-F58FB2D12F9F}.Release|Any CPU.ActiveCfg = Release|Any CPU
		{D1ABF86F-A970-4EC6-AB88-F58FB2D12F9F}.Release|Any CPU.Build.0 = Release|Any CPU
		{E8FB0D62-485C-4833-A5F5-4F98B8845D5C}.Debug|Any CPU.ActiveCfg = Debug|Any CPU
		{E8FB0D62-485C-4833-A5F5-4F98B8845D5C}.Debug|Any CPU.Build.0 = Debug|Any CPU
		{E8FB0D62-485C-4833-A5F5-4F98B8845D5C}.Release|Any CPU.ActiveCfg = Release|Any CPU
		{E8FB0D62-485C-4833-A5F5-4F98B8845D5C}.Release|Any CPU.Build.0 = Release|Any CPU
		{F8E3B16D-1A7D-4DC1-9D16-9EDF8952DCC2}.Debug|Any CPU.ActiveCfg = Debug|Any CPU
		{F8E3B16D-1A7D-4DC1-9D16-9EDF8952DCC2}.Debug|Any CPU.Build.0 = Debug|Any CPU
		{F8E3B16D-1A7D-4DC1-9D16-9EDF8952DCC2}.Release|Any CPU.ActiveCfg = Release|Any CPU
		{F8E3B16D-1A7D-4DC1-9D16-9EDF8952DCC2}.Release|Any CPU.Build.0 = Release|Any CPU
		{C6B8C826-55A2-4F5C-AE54-E92FECD28CFE}.Debug|Any CPU.ActiveCfg = Debug|Any CPU
		{C6B8C826-55A2-4F5C-AE54-E92FECD28CFE}.Debug|Any CPU.Build.0 = Debug|Any CPU
		{C6B8C826-55A2-4F5C-AE54-E92FECD28CFE}.Release|Any CPU.ActiveCfg = Release|Any CPU
		{C6B8C826-55A2-4F5C-AE54-E92FECD28CFE}.Release|Any CPU.Build.0 = Release|Any CPU
		{34495A6E-362D-44F5-BFDB-DC5C609D7908}.Debug|Any CPU.ActiveCfg = Debug|Any CPU
		{34495A6E-362D-44F5-BFDB-DC5C609D7908}.Debug|Any CPU.Build.0 = Debug|Any CPU
		{34495A6E-362D-44F5-BFDB-DC5C609D7908}.Release|Any CPU.ActiveCfg = Release|Any CPU
		{34495A6E-362D-44F5-BFDB-DC5C609D7908}.Release|Any CPU.Build.0 = Release|Any CPU
	EndGlobalSection
	GlobalSection(SolutionProperties) = preSolution
		HideSolutionNode = FALSE
	EndGlobalSection
	GlobalSection(NestedProjects) = preSolution
		{2F8CC417-4435-414F-9DF3-899A1FECA755} = {B18DD063-D42D-4875-9A00-CA78C0E745E0}
		{0760F1F3-F91D-4A72-BA14-B8D519071AA6} = {B18DD063-D42D-4875-9A00-CA78C0E745E0}
		{4A3A1F1E-A593-49C2-A736-6A4CFE3BF784} = {B18DD063-D42D-4875-9A00-CA78C0E745E0}
		{D1ABF86F-A970-4EC6-AB88-F58FB2D12F9F} = {B18DD063-D42D-4875-9A00-CA78C0E745E0}
		{E8FB0D62-485C-4833-A5F5-4F98B8845D5C} = {C65C9720-215C-48DC-BD8B-A7FFC1242300}
		{F8E3B16D-1A7D-4DC1-9D16-9EDF8952DCC2} = {C65C9720-215C-48DC-BD8B-A7FFC1242300}
		{C6B8C826-55A2-4F5C-AE54-E92FECD28CFE} = {C65C9720-215C-48DC-BD8B-A7FFC1242300}
		{34495A6E-362D-44F5-BFDB-DC5C609D7908} = {C65C9720-215C-48DC-BD8B-A7FFC1242300}
	EndGlobalSection
	GlobalSection(ExtensibilityGlobals) = postSolution
		SolutionGuid = {033A780F-E02D-47B0-88AF-044B72A58146}
	EndGlobalSection
EndGlobal
